
Microsoft Visual Studio Solution File, Format Version 12.00
# Visual Studio Version 17
VisualStudioVersion = 17.9.34714.143
MinimumVisualStudioVersion = 10.0.40219.1
Project("{FAE04EC0-301F-11D3-BF4B-00C04F79EFBC}") = "WinCrash", "WinCrash\WinCrash.csproj", "{5EBF160D-5CB3-4474-BD24-60E5C362B861}"
EndProject
Global
	GlobalSection(SolutionConfigurationPlatforms) = preSolution
		Debug|Any CPU = Debug|Any CPU
		Release|Any CPU = Release|Any CPU
	EndGlobalSection
	GlobalSection(ProjectConfigurationPlatforms) = postSolution
		{5EBF160D-5CB3-4474-BD24-60E5C362B861}.Debug|Any CPU.ActiveCfg = Debug|Any CPU
		{5EBF160D-5CB3-4474-BD24-60E5C362B861}.Debug|Any CPU.Build.0 = Debug|Any CPU
		{5EBF160D-5CB3-4474-BD24-60E5C362B861}.Release|Any CPU.ActiveCfg = Release|Any CPU
		{5EBF160D-5CB3-4474-BD24-60E5C362B861}.Release|Any CPU.Build.0 = Release|Any CPU
	EndGlobalSection
	GlobalSection(SolutionProperties) = preSolution
		HideSolutionNode = FALSE
	EndGlobalSection
	GlobalSection(ExtensibilityGlobals) = postSolution
		SolutionGuid = {D598450D-678E-4F10-8955-BFF76D169039}
	EndGlobalSection
EndGlobal
